
Microsoft Visual Studio Solution File, Format Version 12.00
# Visual Studio Version 17
VisualStudioVersion = 17.9.34701.34
MinimumVisualStudioVersion = 10.0.40219.1
Project("{8BC9CEB8-8B4A-11D0-8D11-00A0C91BC942}") = "Battleship", "Battleship\Battleship.vcxproj", "{A5021BCB-FE39-44B4-BA17-759D495B6CEE}"
EndProject
Global
	GlobalSection(SolutionConfigurationPlatforms) = preSolution
		Debug|x64 = Debug|x64
		Debug|x86 = Debug|x86
		Release|x64 = Release|x64
		Release|x86 = Release|x86
	EndGlobalSection
	GlobalSection(ProjectConfigurationPlatforms) = postSolution
		{A5021BCB-FE39-44B4-BA17-759D495B6CEE}.Debug|x64.ActiveCfg = Debug|x64
		{A5021BCB-FE39-44B4-BA17-759D495B6CEE}.Debug|x64.Build.0 = Debug|x64
		{A5021BCB-FE39-44B4-BA17-759D495B6CEE}.Debug|x86.ActiveCfg = Debug|Win32
		{A5021BCB-FE39-44B4-BA17-759D495B6CEE}.Debug|x86.Build.0 = Debug|Win32
		{A5021BCB-FE39-44B4-BA17-759D495B6CEE}.Release|x64.ActiveCfg = Release|x64
		{A5021BCB-FE39-44B4-BA17-759D495B6CEE}.Release|x64.Build.0 = Release|x64
		{A5021BCB-FE39-44B4-BA17-759D495B6CEE}.Release|x86.ActiveCfg = Release|Win32
		{A5021BCB-FE39-44B4-BA17-759D495B6CEE}.Release|x86.Build.0 = Release|Win32
	EndGlobalSection
	GlobalSection(SolutionProperties) = preSolution
		HideSolutionNode = FALSE
	EndGlobalSection
	GlobalSection(ExtensibilityGlobals) = postSolution
		SolutionGuid = {EEBA8FB2-E67E-4875-A22D-0CB106E75236}
	EndGlobalSection
EndGlobal
